// !$*UTF8*$!
{
	archiveVersion = 1;
	classes = {
	};
	objectVersion = 51;
	objects = {

/* Begin PBXBuildFile section */
		4C801D6361EA744228E1BFF4 /* Pods_NewsApp.framework in Frameworks */ = {isa = PBXBuildFile; fileRef = DACB0D693B24D3F9149DFCC6 /* Pods_NewsApp.framework */; };
		D501EE8026B5797C0002A824 /* AppDelegate.swift in Sources */ = {isa = PBXBuildFile; fileRef = D501EE7F26B5797C0002A824 /* AppDelegate.swift */; };
		D501EE8226B5797C0002A824 /* SceneDelegate.swift in Sources */ = {isa = PBXBuildFile; fileRef = D501EE8126B5797C0002A824 /* SceneDelegate.swift */; };
		D501EE8926B5797D0002A824 /* Assets.xcassets in Resources */ = {isa = PBXBuildFile; fileRef = D501EE8826B5797D0002A824 /* Assets.xcassets */; };
		D501EE8C26B5797D0002A824 /* LaunchScreen.storyboard in Resources */ = {isa = PBXBuildFile; fileRef = D501EE8A26B5797D0002A824 /* LaunchScreen.storyboard */; };
		D5152058270C458200F2E4C3 /* StartVC.swift in Sources */ = {isa = PBXBuildFile; fileRef = D5152057270C458200F2E4C3 /* StartVC.swift */; };
		D515205A270C459C00F2E4C3 /* StartVM.swift in Sources */ = {isa = PBXBuildFile; fileRef = D5152059270C459C00F2E4C3 /* StartVM.swift */; };
		D515205C270C4A6400F2E4C3 /* StartAssembly.swift in Sources */ = {isa = PBXBuildFile; fileRef = D515205B270C4A6400F2E4C3 /* StartAssembly.swift */; };
		D515205E270C4AA700F2E4C3 /* MainAssembly.swift in Sources */ = {isa = PBXBuildFile; fileRef = D515205D270C4AA700F2E4C3 /* MainAssembly.swift */; };
		D52B6C992701C2E60054A529 /* GeneralAssembly.swift in Sources */ = {isa = PBXBuildFile; fileRef = D52B6C982701C2E60054A529 /* GeneralAssembly.swift */; };
		D52B6CA02701C9B90054A529 /* Router.swift in Sources */ = {isa = PBXBuildFile; fileRef = D52B6C9F2701C9B90054A529 /* Router.swift */; };
		D52B6CA22701CB0E0054A529 /* Constants.swift in Sources */ = {isa = PBXBuildFile; fileRef = D52B6CA12701CB0E0054A529 /* Constants.swift */; };
		D52B6CA52701CB690054A529 /* Start.storyboard in Resources */ = {isa = PBXBuildFile; fileRef = D52B6CA42701CB690054A529 /* Start.storyboard */; };
		D58DA466270F01040093DB24 /* BaseVC.swift in Sources */ = {isa = PBXBuildFile; fileRef = D58DA465270F01040093DB24 /* BaseVC.swift */; };
		D58DA468270F01E40093DB24 /* MainVC.swift in Sources */ = {isa = PBXBuildFile; fileRef = D58DA467270F01E40093DB24 /* MainVC.swift */; };
		D58DA46A270F034D0093DB24 /* MainVM.swift in Sources */ = {isa = PBXBuildFile; fileRef = D58DA469270F034D0093DB24 /* MainVM.swift */; };
/* End PBXBuildFile section */

/* Begin PBXFileReference section */
		D501EE7C26B5797C0002A824 /* NewsApp.app */ = {isa = PBXFileReference; explicitFileType = wrapper.application; includeInIndex = 0; path = NewsApp.app; sourceTree = BUILT_PRODUCTS_DIR; };
		D501EE7F26B5797C0002A824 /* AppDelegate.swift */ = {isa = PBXFileReference; lastKnownFileType = sourcecode.swift; path = AppDelegate.swift; sourceTree = "<group>"; };
		D501EE8126B5797C0002A824 /* SceneDelegate.swift */ = {isa = PBXFileReference; lastKnownFileType = sourcecode.swift; path = SceneDelegate.swift; sourceTree = "<group>"; };
		D501EE8826B5797D0002A824 /* Assets.xcassets */ = {isa = PBXFileReference; lastKnownFileType = folder.assetcatalog; path = Assets.xcassets; sourceTree = "<group>"; };
		D501EE8B26B5797D0002A824 /* Base */ = {isa = PBXFileReference; lastKnownFileType = file.storyboard; name = Base; path = Base.lproj/LaunchScreen.storyboard; sourceTree = "<group>"; };
		D501EE8D26B5797D0002A824 /* Info.plist */ = {isa = PBXFileReference; lastKnownFileType = text.plist.xml; path = Info.plist; sourceTree = "<group>"; };
		D5152057270C458200F2E4C3 /* StartVC.swift */ = {isa = PBXFileReference; lastKnownFileType = sourcecode.swift; path = StartVC.swift; sourceTree = "<group>"; };
		D5152059270C459C00F2E4C3 /* StartVM.swift */ = {isa = PBXFileReference; lastKnownFileType = sourcecode.swift; path = StartVM.swift; sourceTree = "<group>"; };
		D515205B270C4A6400F2E4C3 /* StartAssembly.swift */ = {isa = PBXFileReference; lastKnownFileType = sourcecode.swift; path = StartAssembly.swift; sourceTree = "<group>"; };
		D515205D270C4AA700F2E4C3 /* MainAssembly.swift */ = {isa = PBXFileReference; lastKnownFileType = sourcecode.swift; path = MainAssembly.swift; sourceTree = "<group>"; };
		D52B6C982701C2E60054A529 /* GeneralAssembly.swift */ = {isa = PBXFileReference; lastKnownFileType = sourcecode.swift; path = GeneralAssembly.swift; sourceTree = "<group>"; };
		D52B6C9F2701C9B90054A529 /* Router.swift */ = {isa = PBXFileReference; lastKnownFileType = sourcecode.swift; path = Router.swift; sourceTree = "<group>"; };
		D52B6CA12701CB0E0054A529 /* Constants.swift */ = {isa = PBXFileReference; lastKnownFileType = sourcecode.swift; path = Constants.swift; sourceTree = "<group>"; };
		D52B6CA42701CB690054A529 /* Start.storyboard */ = {isa = PBXFileReference; lastKnownFileType = file.storyboard; path = Start.storyboard; sourceTree = "<group>"; };
		D58DA465270F01040093DB24 /* BaseVC.swift */ = {isa = PBXFileReference; lastKnownFileType = sourcecode.swift; path = BaseVC.swift; sourceTree = "<group>"; };
		D58DA467270F01E40093DB24 /* MainVC.swift */ = {isa = PBXFileReference; lastKnownFileType = sourcecode.swift; path = MainVC.swift; sourceTree = "<group>"; };
		D58DA469270F034D0093DB24 /* MainVM.swift */ = {isa = PBXFileReference; lastKnownFileType = sourcecode.swift; path = MainVM.swift; sourceTree = "<group>"; };
		DACB0D693B24D3F9149DFCC6 /* Pods_NewsApp.framework */ = {isa = PBXFileReference; explicitFileType = wrapper.framework; includeInIndex = 0; path = Pods_NewsApp.framework; sourceTree = BUILT_PRODUCTS_DIR; };
		EF9CE99ECAD61011657C815B /* Pods-NewsApp.release.xcconfig */ = {isa = PBXFileReference; includeInIndex = 1; lastKnownFileType = text.xcconfig; name = "Pods-NewsApp.release.xcconfig"; path = "Target Support Files/Pods-NewsApp/Pods-NewsApp.release.xcconfig"; sourceTree = "<group>"; };
		F299D1B6DE038F6C39CA54BC /* Pods-NewsApp.debug.xcconfig */ = {isa = PBXFileReference; includeInIndex = 1; lastKnownFileType = text.xcconfig; name = "Pods-NewsApp.debug.xcconfig"; path = "Target Support Files/Pods-NewsApp/Pods-NewsApp.debug.xcconfig"; sourceTree = "<group>"; };
/* End PBXFileReference section */

/* Begin PBXFrameworksBuildPhase section */
		D501EE7926B5797C0002A824 /* Frameworks */ = {
			isa = PBXFrameworksBuildPhase;
			buildActionMask = 2147483647;
			files = (
				4C801D6361EA744228E1BFF4 /* Pods_NewsApp.framework in Frameworks */,
			);
			runOnlyForDeploymentPostprocessing = 0;
		};
/* End PBXFrameworksBuildPhase section */

/* Begin PBXGroup section */
		856C29DF6EBFE389EAD5FE6B /* Pods */ = {
			isa = PBXGroup;
			children = (
				F299D1B6DE038F6C39CA54BC /* Pods-NewsApp.debug.xcconfig */,
				EF9CE99ECAD61011657C815B /* Pods-NewsApp.release.xcconfig */,
			);
			path = Pods;
			sourceTree = "<group>";
		};
		9F38C251373043A8138CDDB7 /* Frameworks */ = {
			isa = PBXGroup;
			children = (
				DACB0D693B24D3F9149DFCC6 /* Pods_NewsApp.framework */,
			);
			name = Frameworks;
			sourceTree = "<group>";
		};
		D501EE7326B5797C0002A824 = {
			isa = PBXGroup;
			children = (
				D501EE7E26B5797C0002A824 /* NewsApp */,
				D501EE7D26B5797C0002A824 /* Products */,
				856C29DF6EBFE389EAD5FE6B /* Pods */,
				9F38C251373043A8138CDDB7 /* Frameworks */,
			);
			sourceTree = "<group>";
		};
		D501EE7D26B5797C0002A824 /* Products */ = {
			isa = PBXGroup;
			children = (
				D501EE7C26B5797C0002A824 /* NewsApp.app */,
			);
			name = Products;
			sourceTree = "<group>";
		};
		D501EE7E26B5797C0002A824 /* NewsApp */ = {
			isa = PBXGroup;
			children = (
				D52B6C9E2701C9A10054A529 /* Util */,
				D501EEA726B57AD80002A824 /* DI */,
				D501EEA126B57A7B0002A824 /* Scenes */,
				D501EEA026B57A6A0002A824 /* Data */,
				D501EE9D26B57A640002A824 /* App */,
				D501EE8826B5797D0002A824 /* Assets.xcassets */,
				D501EE8A26B5797D0002A824 /* LaunchScreen.storyboard */,
				D501EE8D26B5797D0002A824 /* Info.plist */,
			);
			path = NewsApp;
			sourceTree = "<group>";
		};
		D501EE9D26B57A640002A824 /* App */ = {
			isa = PBXGroup;
			children = (
				D501EE8126B5797C0002A824 /* SceneDelegate.swift */,
				D501EE7F26B5797C0002A824 /* AppDelegate.swift */,
			);
			path = App;
			sourceTree = "<group>";
		};
		D501EEA026B57A6A0002A824 /* Data */ = {
			isa = PBXGroup;
			children = (
				D501EEA826B57AE60002A824 /* Service */,
				D501EEA626B57AC30002A824 /* Assembly */,
				D501EEA526B57AA40002A824 /* Entities */,
				D501EEA426B57A950002A824 /* Network */,
			);
			path = Data;
			sourceTree = "<group>";
		};
		D501EEA126B57A7B0002A824 /* Scenes */ = {
			isa = PBXGroup;
			children = (
				D58DA464270F00E80093DB24 /* Base */,
				D52B6CA32701CB560054A529 /* Start */,
				D501EEA326B57A8C0002A824 /* Details */,
				D501EEA226B57A840002A824 /* Main */,
			);
			path = Scenes;
			sourceTree = "<group>";
		};
		D501EEA226B57A840002A824 /* Main */ = {
			isa = PBXGroup;
			children = (
				D58DA467270F01E40093DB24 /* MainVC.swift */,
				D58DA469270F034D0093DB24 /* MainVM.swift */,
			);
			path = Main;
			sourceTree = "<group>";
		};
		D501EEA326B57A8C0002A824 /* Details */ = {
			isa = PBXGroup;
			children = (
			);
			path = Details;
			sourceTree = "<group>";
		};
		D501EEA426B57A950002A824 /* Network */ = {
			isa = PBXGroup;
			children = (
			);
			path = Network;
			sourceTree = "<group>";
		};
		D501EEA526B57AA40002A824 /* Entities */ = {
			isa = PBXGroup;
			children = (
				D52B6C9D2701C88B0054A529 /* Local */,
				D52B6C9C2701C8820054A529 /* Remote */,
			);
			path = Entities;
			sourceTree = "<group>";
		};
		D501EEA626B57AC30002A824 /* Assembly */ = {
			isa = PBXGroup;
			children = (
			);
			path = Assembly;
			sourceTree = "<group>";
		};
		D501EEA726B57AD80002A824 /* DI */ = {
			isa = PBXGroup;
			children = (
				D52B6C982701C2E60054A529 /* GeneralAssembly.swift */,
				D515205B270C4A6400F2E4C3 /* StartAssembly.swift */,
				D515205D270C4AA700F2E4C3 /* MainAssembly.swift */,
			);
			path = DI;
			sourceTree = "<group>";
		};
		D501EEA826B57AE60002A824 /* Service */ = {
			isa = PBXGroup;
			children = (
			);
			path = Service;
			sourceTree = "<group>";
		};
		D52B6C9C2701C8820054A529 /* Remote */ = {
			isa = PBXGroup;
			children = (
			);
			path = Remote;
			sourceTree = "<group>";
		};
		D52B6C9D2701C88B0054A529 /* Local */ = {
			isa = PBXGroup;
			children = (
			);
			path = Local;
			sourceTree = "<group>";
		};
		D52B6C9E2701C9A10054A529 /* Util */ = {
			isa = PBXGroup;
			children = (
				D52B6CA12701CB0E0054A529 /* Constants.swift */,
				D52B6C9F2701C9B90054A529 /* Router.swift */,
			);
			path = Util;
			sourceTree = "<group>";
		};
		D52B6CA32701CB560054A529 /* Start */ = {
			isa = PBXGroup;
			children = (
				D52B6CA42701CB690054A529 /* Start.storyboard */,
				D5152057270C458200F2E4C3 /* StartVC.swift */,
				D5152059270C459C00F2E4C3 /* StartVM.swift */,
			);
			path = Start;
			sourceTree = "<group>";
		};
		D58DA464270F00E80093DB24 /* Base */ = {
			isa = PBXGroup;
			children = (
				D58DA465270F01040093DB24 /* BaseVC.swift */,
			);
			path = Base;
			sourceTree = "<group>";
		};
/* End PBXGroup section */

/* Begin PBXNativeTarget section */
		D501EE7B26B5797C0002A824 /* NewsApp */ = {
			isa = PBXNativeTarget;
			buildConfigurationList = D501EE9026B5797D0002A824 /* Build configuration list for PBXNativeTarget "NewsApp" */;
			buildPhases = (
				025EBA8A6132F5D3952F9925 /* [CP] Check Pods Manifest.lock */,
				D501EE7826B5797C0002A824 /* Sources */,
				D501EE7926B5797C0002A824 /* Frameworks */,
				D501EE7A26B5797C0002A824 /* Resources */,
				4890762F13FA5E384393F994 /* [CP] Embed Pods Frameworks */,
			);
			buildRules = (
			);
			dependencies = (
			);
			name = NewsApp;
			productName = NewsApp;
			productReference = D501EE7C26B5797C0002A824 /* NewsApp.app */;
			productType = "com.apple.product-type.application";
		};
/* End PBXNativeTarget section */

/* Begin PBXProject section */
		D501EE7426B5797C0002A824 /* Project object */ = {
			isa = PBXProject;
			attributes = {
				LastSwiftUpdateCheck = 1240;
				LastUpgradeCheck = 1240;
				TargetAttributes = {
					D501EE7B26B5797C0002A824 = {
						CreatedOnToolsVersion = 12.4;
					};
				};
			};
			buildConfigurationList = D501EE7726B5797C0002A824 /* Build configuration list for PBXProject "NewsApp" */;
			compatibilityVersion = "Xcode 9.3";
			developmentRegion = en;
			hasScannedForEncodings = 0;
			knownRegions = (
				en,
				Base,
			);
			mainGroup = D501EE7326B5797C0002A824;
			productRefGroup = D501EE7D26B5797C0002A824 /* Products */;
			projectDirPath = "";
			projectRoot = "";
			targets = (
				D501EE7B26B5797C0002A824 /* NewsApp */,
			);
		};
/* End PBXProject section */

/* Begin PBXResourcesBuildPhase section */
		D501EE7A26B5797C0002A824 /* Resources */ = {
			isa = PBXResourcesBuildPhase;
			buildActionMask = 2147483647;
			files = (
				D501EE8C26B5797D0002A824 /* LaunchScreen.storyboard in Resources */,
				D52B6CA52701CB690054A529 /* Start.storyboard in Resources */,
				D501EE8926B5797D0002A824 /* Assets.xcassets in Resources */,
			);
			runOnlyForDeploymentPostprocessing = 0;
		};
/* End PBXResourcesBuildPhase section */

/* Begin PBXShellScriptBuildPhase section */
		025EBA8A6132F5D3952F9925 /* [CP] Check Pods Manifest.lock */ = {
			isa = PBXShellScriptBuildPhase;
			buildActionMask = 2147483647;
			files = (
			);
			inputFileListPaths = (
			);
			inputPaths = (
				"${PODS_PODFILE_DIR_PATH}/Podfile.lock",
				"${PODS_ROOT}/Manifest.lock",
			);
			name = "[CP] Check Pods Manifest.lock";
			outputFileListPaths = (
			);
			outputPaths = (
				"$(DERIVED_FILE_DIR)/Pods-NewsApp-checkManifestLockResult.txt",
			);
			runOnlyForDeploymentPostprocessing = 0;
			shellPath = /bin/sh;
			shellScript = "diff \"${PODS_PODFILE_DIR_PATH}/Podfile.lock\" \"${PODS_ROOT}/Manifest.lock\" > /dev/null\nif [ $? != 0 ] ; then\n    # print error to STDERR\n    echo \"error: The sandbox is not in sync with the Podfile.lock. Run 'pod install' or update your CocoaPods installation.\" >&2\n    exit 1\nfi\n# This output is used by Xcode 'outputs' to avoid re-running this script phase.\necho \"SUCCESS\" > \"${SCRIPT_OUTPUT_FILE_0}\"\n";
			showEnvVarsInLog = 0;
		};
		4890762F13FA5E384393F994 /* [CP] Embed Pods Frameworks */ = {
			isa = PBXShellScriptBuildPhase;
			buildActionMask = 2147483647;
			files = (
			);
			inputFileListPaths = (
				"${PODS_ROOT}/Target Support Files/Pods-NewsApp/Pods-NewsApp-frameworks-${CONFIGURATION}-input-files.xcfilelist",
			);
			name = "[CP] Embed Pods Frameworks";
			outputFileListPaths = (
				"${PODS_ROOT}/Target Support Files/Pods-NewsApp/Pods-NewsApp-frameworks-${CONFIGURATION}-output-files.xcfilelist",
			);
			runOnlyForDeploymentPostprocessing = 0;
			shellPath = /bin/sh;
			shellScript = "\"${PODS_ROOT}/Target Support Files/Pods-NewsApp/Pods-NewsApp-frameworks.sh\"\n";
			showEnvVarsInLog = 0;
		};
/* End PBXShellScriptBuildPhase section */

/* Begin PBXSourcesBuildPhase section */
		D501EE7826B5797C0002A824 /* Sources */ = {
			isa = PBXSourcesBuildPhase;
			buildActionMask = 2147483647;
			files = (
				D515205E270C4AA700F2E4C3 /* MainAssembly.swift in Sources */,
				D515205A270C459C00F2E4C3 /* StartVM.swift in Sources */,
				D515205C270C4A6400F2E4C3 /* StartAssembly.swift in Sources */,
				D5152058270C458200F2E4C3 /* StartVC.swift in Sources */,
				D58DA468270F01E40093DB24 /* MainVC.swift in Sources */,
				D501EE8026B5797C0002A824 /* AppDelegate.swift in Sources */,
				D52B6CA02701C9B90054A529 /* Router.swift in Sources */,
				D58DA46A270F034D0093DB24 /* MainVM.swift in Sources */,
				D52B6C992701C2E60054A529 /* GeneralAssembly.swift in Sources */,
				D501EE8226B5797C0002A824 /* SceneDelegate.swift in Sources */,
				D52B6CA22701CB0E0054A529 /* Constants.swift in Sources */,
				D58DA466270F01040093DB24 /* BaseVC.swift in Sources */,
			);
			runOnlyForDeploymentPostprocessing = 0;
		};
/* End PBXSourcesBuildPhase section */

/* Begin PBXVariantGroup section */
		D501EE8A26B5797D0002A824 /* LaunchScreen.storyboard */ = {
			isa = PBXVariantGroup;
			children = (
				D501EE8B26B5797D0002A824 /* Base */,
			);
			name = LaunchScreen.storyboard;
			sourceTree = "<group>";
		};
/* End PBXVariantGroup section */

/* Begin XCBuildConfiguration section */
		D501EE8E26B5797D0002A824 /* Debug */ = {
			isa = XCBuildConfiguration;
			buildSettings = {
				ALWAYS_SEARCH_USER_PATHS = NO;
				CLANG_ANALYZER_NONNULL = YES;
				CLANG_ANALYZER_NUMBER_OBJECT_CONVERSION = YES_AGGRESSIVE;
				CLANG_CXX_LANGUAGE_STANDARD = "gnu++14";
				CLANG_CXX_LIBRARY = "libc++";
				CLANG_ENABLE_MODULES = YES;
				CLANG_ENABLE_OBJC_ARC = YES;
				CLANG_ENABLE_OBJC_WEAK = YES;
				CLANG_WARN_BLOCK_CAPTURE_AUTORELEASING = YES;
				CLANG_WARN_BOOL_CONVERSION = YES;
				CLANG_WARN_COMMA = YES;
				CLANG_WARN_CONSTANT_CONVERSION = YES;
				CLANG_WARN_DEPRECATED_OBJC_IMPLEMENTATIONS = YES;
				CLANG_WARN_DIRECT_OBJC_ISA_USAGE = YES_ERROR;
				CLANG_WARN_DOCUMENTATION_COMMENTS = YES;
				CLANG_WARN_EMPTY_BODY = YES;
				CLANG_WARN_ENUM_CONVERSION = YES;
				CLANG_WARN_INFINITE_RECURSION = YES;
				CLANG_WARN_INT_CONVERSION = YES;
				CLANG_WARN_NON_LITERAL_NULL_CONVERSION = YES;
				CLANG_WARN_OBJC_IMPLICIT_RETAIN_SELF = YES;
				CLANG_WARN_OBJC_LITERAL_CONVERSION = YES;
				CLANG_WARN_OBJC_ROOT_CLASS = YES_ERROR;
				CLANG_WARN_QUOTED_INCLUDE_IN_FRAMEWORK_HEADER = YES;
				CLANG_WARN_RANGE_LOOP_ANALYSIS = YES;
				CLANG_WARN_STRICT_PROTOTYPES = YES;
				CLANG_WARN_SUSPICIOUS_MOVE = YES;
				CLANG_WARN_UNGUARDED_AVAILABILITY = YES_AGGRESSIVE;
				CLANG_WARN_UNREACHABLE_CODE = YES;
				CLANG_WARN__DUPLICATE_METHOD_MATCH = YES;
				COPY_PHASE_STRIP = NO;
				DEBUG_INFORMATION_FORMAT = dwarf;
				ENABLE_STRICT_OBJC_MSGSEND = YES;
				ENABLE_TESTABILITY = YES;
				GCC_C_LANGUAGE_STANDARD = gnu11;
				GCC_DYNAMIC_NO_PIC = NO;
				GCC_NO_COMMON_BLOCKS = YES;
				GCC_OPTIMIZATION_LEVEL = 0;
				GCC_PREPROCESSOR_DEFINITIONS = (
					"DEBUG=1",
					"$(inherited)",
				);
				GCC_WARN_64_TO_32_BIT_CONVERSION = YES;
				GCC_WARN_ABOUT_RETURN_TYPE = YES_ERROR;
				GCC_WARN_UNDECLARED_SELECTOR = YES;
				GCC_WARN_UNINITIALIZED_AUTOS = YES_AGGRESSIVE;
				GCC_WARN_UNUSED_FUNCTION = YES;
				GCC_WARN_UNUSED_VARIABLE = YES;
				IPHONEOS_DEPLOYMENT_TARGET = 14.4;
				MTL_ENABLE_DEBUG_INFO = INCLUDE_SOURCE;
				MTL_FAST_MATH = YES;
				ONLY_ACTIVE_ARCH = YES;
				SDKROOT = iphoneos;
				SWIFT_ACTIVE_COMPILATION_CONDITIONS = DEBUG;
				SWIFT_OPTIMIZATION_LEVEL = "-Onone";
			};
			name = Debug;
		};
		D501EE8F26B5797D0002A824 /* Release */ = {
			isa = XCBuildConfiguration;
			buildSettings = {
				ALWAYS_SEARCH_USER_PATHS = NO;
				CLANG_ANALYZER_NONNULL = YES;
				CLANG_ANALYZER_NUMBER_OBJECT_CONVERSION = YES_AGGRESSIVE;
				CLANG_CXX_LANGUAGE_STANDARD = "gnu++14";
				CLANG_CXX_LIBRARY = "libc++";
				CLANG_ENABLE_MODULES = YES;
				CLANG_ENABLE_OBJC_ARC = YES;
				CLANG_ENABLE_OBJC_WEAK = YES;
				CLANG_WARN_BLOCK_CAPTURE_AUTORELEASING = YES;
				CLANG_WARN_BOOL_CONVERSION = YES;
				CLANG_WARN_COMMA = YES;
				CLANG_WARN_CONSTANT_CONVERSION = YES;
				CLANG_WARN_DEPRECATED_OBJC_IMPLEMENTATIONS = YES;
				CLANG_WARN_DIRECT_OBJC_ISA_USAGE = YES_ERROR;
				CLANG_WARN_DOCUMENTATION_COMMENTS = YES;
				CLANG_WARN_EMPTY_BODY = YES;
				CLANG_WARN_ENUM_CONVERSION = YES;
				CLANG_WARN_INFINITE_RECURSION = YES;
				CLANG_WARN_INT_CONVERSION = YES;
				CLANG_WARN_NON_LITERAL_NULL_CONVERSION = YES;
				CLANG_WARN_OBJC_IMPLICIT_RETAIN_SELF = YES;
				CLANG_WARN_OBJC_LITERAL_CONVERSION = YES;
				CLANG_WARN_OBJC_ROOT_CLASS = YES_ERROR;
				CLANG_WARN_QUOTED_INCLUDE_IN_FRAMEWORK_HEADER = YES;
				CLANG_WARN_RANGE_LOOP_ANALYSIS = YES;
				CLANG_WARN_STRICT_PROTOTYPES = YES;
				CLANG_WARN_SUSPICIOUS_MOVE = YES;
				CLANG_WARN_UNGUARDED_AVAILABILITY = YES_AGGRESSIVE;
				CLANG_WARN_UNREACHABLE_CODE = YES;
				CLANG_WARN__DUPLICATE_METHOD_MATCH = YES;
				COPY_PHASE_STRIP = NO;
				DEBUG_INFORMATION_FORMAT = "dwarf-with-dsym";
				ENABLE_NS_ASSERTIONS = NO;
				ENABLE_STRICT_OBJC_MSGSEND = YES;
				GCC_C_LANGUAGE_STANDARD = gnu11;
				GCC_NO_COMMON_BLOCKS = YES;
				GCC_WARN_64_TO_32_BIT_CONVERSION = YES;
				GCC_WARN_ABOUT_RETURN_TYPE = YES_ERROR;
				GCC_WARN_UNDECLARED_SELECTOR = YES;
				GCC_WARN_UNINITIALIZED_AUTOS = YES_AGGRESSIVE;
				GCC_WARN_UNUSED_FUNCTION = YES;
				GCC_WARN_UNUSED_VARIABLE = YES;
				IPHONEOS_DEPLOYMENT_TARGET = 14.4;
				MTL_ENABLE_DEBUG_INFO = NO;
				MTL_FAST_MATH = YES;
				SDKROOT = iphoneos;
				SWIFT_COMPILATION_MODE = wholemodule;
				SWIFT_OPTIMIZATION_LEVEL = "-O";
				VALIDATE_PRODUCT = YES;
			};
			name = Release;
		};
		D501EE9126B5797D0002A824 /* Debug */ = {
			isa = XCBuildConfiguration;
			baseConfigurationReference = F299D1B6DE038F6C39CA54BC /* Pods-NewsApp.debug.xcconfig */;
			buildSettings = {
				ASSETCATALOG_COMPILER_APPICON_NAME = AppIcon;
				ASSETCATALOG_COMPILER_GLOBAL_ACCENT_COLOR_NAME = AccentColor;
				CODE_SIGN_STYLE = Automatic;
				DEVELOPMENT_TEAM = 2273B53FQU;
				INFOPLIST_FILE = NewsApp/Info.plist;
				IPHONEOS_DEPLOYMENT_TARGET = 13.0;
				LD_RUNPATH_SEARCH_PATHS = (
					"$(inherited)",
					"@executable_path/Frameworks",
				);
				PRODUCT_BUNDLE_IDENTIFIER = com.rahmani1988.newsapp.NewsApp;
				PRODUCT_NAME = "$(TARGET_NAME)";
				SWIFT_VERSION = 5.0;
				TARGETED_DEVICE_FAMILY = "1,2";
			};
			name = Debug;
		};
		D501EE9226B5797D0002A824 /* Release */ = {
			isa = XCBuildConfiguration;
			baseConfigurationReference = EF9CE99ECAD61011657C815B /* Pods-NewsApp.release.xcconfig */;
			buildSettings = {
				ASSETCATALOG_COMPILER_APPICON_NAME = AppIcon;
				ASSETCATALOG_COMPILER_GLOBAL_ACCENT_COLOR_NAME = AccentColor;
				CODE_SIGN_STYLE = Automatic;
				DEVELOPMENT_TEAM = 2273B53FQU;
				INFOPLIST_FILE = NewsApp/Info.plist;
				IPHONEOS_DEPLOYMENT_TARGET = 13.0;
				LD_RUNPATH_SEARCH_PATHS = (
					"$(inherited)",
					"@executable_path/Frameworks",
				);
				PRODUCT_BUNDLE_IDENTIFIER = com.rahmani1988.newsapp.NewsApp;
				PRODUCT_NAME = "$(TARGET_NAME)";
				SWIFT_VERSION = 5.0;
				TARGETED_DEVICE_FAMILY = "1,2";
			};
			name = Release;
		};
/* End XCBuildConfiguration section */

/* Begin XCConfigurationList section */
		D501EE7726B5797C0002A824 /* Build configuration list for PBXProject "NewsApp" */ = {
			isa = XCConfigurationList;
			buildConfigurations = (
				D501EE8E26B5797D0002A824 /* Debug */,
				D501EE8F26B5797D0002A824 /* Release */,
			);
			defaultConfigurationIsVisible = 0;
			defaultConfigurationName = Release;
		};
		D501EE9026B5797D0002A824 /* Build configuration list for PBXNativeTarget "NewsApp" */ = {
			isa = XCConfigurationList;
			buildConfigurations = (
				D501EE9126B5797D0002A824 /* Debug */,
				D501EE9226B5797D0002A824 /* Release */,
			);
			defaultConfigurationIsVisible = 0;
			defaultConfigurationName = Release;
		};
/* End XCConfigurationList section */
	};
	rootObject = D501EE7426B5797C0002A824 /* Project object */;
}
